
Microsoft Visual Studio Solution File, Format Version 12.00
# Visual Studio Version 17
VisualStudioVersion = 17.14.36429.23
MinimumVisualStudioVersion = 10.0.40219.1
Project("{8BC9CEB8-8B4A-11D0-8D11-00A0C91BC942}") = "XNNPACK", "XNNPACK.vcxproj", "{C36BB7A0-0120-4EE8-9CAD-76AF96A4E5DE}"
EndProject
Global
	GlobalSection(SolutionConfigurationPlatforms) = preSolution
		Debug|x64 = Debug|x64
		Debug|x86 = Debug|x86
		Release|x64 = Release|x64
		Release|x86 = Release|x86
	EndGlobalSection
	GlobalSection(ProjectConfigurationPlatforms) = postSolution
		{C36BB7A0-0120-4EE8-9CAD-76AF96A4E5DE}.Debug|x64.ActiveCfg = Debug|x64
		{C36BB7A0-0120-4EE8-9CAD-76AF96A4E5DE}.Debug|x64.Build.0 = Debug|x64
		{C36BB7A0-0120-4EE8-9CAD-76AF96A4E5DE}.Debug|x86.ActiveCfg = Debug|Win32
		{C36BB7A0-0120-4EE8-9CAD-76AF96A4E5DE}.Debug|x86.Build.0 = Debug|Win32
		{C36BB7A0-0120-4EE8-9CAD-76AF96A4E5DE}.Release|x64.ActiveCfg = Release|x64
		{C36BB7A0-0120-4EE8-9CAD-76AF96A4E5DE}.Release|x64.Build.0 = Release|x64
		{C36BB7A0-0120-4EE8-9CAD-76AF96A4E5DE}.Release|x86.ActiveCfg = Release|Win32
		{C36BB7A0-0120-4EE8-9CAD-76AF96A4E5DE}.Release|x86.Build.0 = Release|Win32
	EndGlobalSection
	GlobalSection(SolutionProperties) = preSolution
		HideSolutionNode = FALSE
	EndGlobalSection
	GlobalSection(ExtensibilityGlobals) = postSolution
		SolutionGuid = {4C282761-42CF-490A-8AA2-88F970DDCD19}
	EndGlobalSection
EndGlobal
